
Microsoft Visual Studio Solution File, Format Version 12.00
# Visual Studio 2015
Project("{FAE04EC0-301F-11D3-BF4B-00C04F79EFBC}") = "ProjectStoryBook.CSharp", "ProjectStoryBook.CSharp.csproj", "{4CA47CBD-6D4C-8C2D-FB95-1DAEFD13B099}"
EndProject
Project("{FAE04EC0-301F-11D3-BF4B-00C04F79EFBC}") = "ProjectStoryBook.CSharp.Editor", "ProjectStoryBook.CSharp.Editor.csproj", "{97CB15D4-F37E-6BA3-319B-623134624F0D}"
EndProject
Global
	GlobalSection(SolutionConfigurationPlatforms) = preSolution
		Debug|Any CPU = Debug|Any CPU
		Release|Any CPU = Release|Any CPU
	EndGlobalSection
	GlobalSection(ProjectConfigurationPlatforms) = postSolution
		{4CA47CBD-6D4C-8C2D-FB95-1DAEFD13B099}.Debug|Any CPU.ActiveCfg = Debug|Any CPU
		{4CA47CBD-6D4C-8C2D-FB95-1DAEFD13B099}.Debug|Any CPU.Build.0 = Debug|Any CPU
		{4CA47CBD-6D4C-8C2D-FB95-1DAEFD13B099}.Release|Any CPU.ActiveCfg = Release|Any CPU
		{4CA47CBD-6D4C-8C2D-FB95-1DAEFD13B099}.Release|Any CPU.Build.0 = Release|Any CPU
		{97CB15D4-F37E-6BA3-319B-623134624F0D}.Debug|Any CPU.ActiveCfg = Debug|Any CPU
		{97CB15D4-F37E-6BA3-319B-623134624F0D}.Debug|Any CPU.Build.0 = Debug|Any CPU
		{97CB15D4-F37E-6BA3-319B-623134624F0D}.Release|Any CPU.ActiveCfg = Release|Any CPU
		{97CB15D4-F37E-6BA3-319B-623134624F0D}.Release|Any CPU.Build.0 = Release|Any CPU
	EndGlobalSection
	GlobalSection(SolutionProperties) = preSolution
		HideSolutionNode = FALSE
	EndGlobalSection
EndGlobal
