
Microsoft Visual Studio Solution File, Format Version 12.00
# Visual Studio 2017
Project("{FAE04EC0-301F-11D3-BF4B-00C04F79EFBC}") = "ProjectStoryBook", "ProjectStoryBook.csproj", "{542E51CD-FD6E-7A33-8BEF-5554C5CB1507}"
EndProject
Project("{FAE04EC0-301F-11D3-BF4B-00C04F79EFBC}") = "ProjectStoryBook.Editor", "ProjectStoryBook.Editor.csproj", "{564C5D20-E3B5-E1A4-0F32-484D6CDF2266}"
EndProject
Global
	GlobalSection(SolutionConfigurationPlatforms) = preSolution
		Debug|Any CPU = Debug|Any CPU
		Release|Any CPU = Release|Any CPU
	EndGlobalSection
	GlobalSection(ProjectConfigurationPlatforms) = postSolution
		{542E51CD-FD6E-7A33-8BEF-5554C5CB1507}.Debug|Any CPU.ActiveCfg = Debug|Any CPU
		{542E51CD-FD6E-7A33-8BEF-5554C5CB1507}.Debug|Any CPU.Build.0 = Debug|Any CPU
		{542E51CD-FD6E-7A33-8BEF-5554C5CB1507}.Release|Any CPU.ActiveCfg = Release|Any CPU
		{542E51CD-FD6E-7A33-8BEF-5554C5CB1507}.Release|Any CPU.Build.0 = Release|Any CPU
		{564C5D20-E3B5-E1A4-0F32-484D6CDF2266}.Debug|Any CPU.ActiveCfg = Debug|Any CPU
		{564C5D20-E3B5-E1A4-0F32-484D6CDF2266}.Debug|Any CPU.Build.0 = Debug|Any CPU
		{564C5D20-E3B5-E1A4-0F32-484D6CDF2266}.Release|Any CPU.ActiveCfg = Release|Any CPU
		{564C5D20-E3B5-E1A4-0F32-484D6CDF2266}.Release|Any CPU.Build.0 = Release|Any CPU
	EndGlobalSection
	GlobalSection(SolutionProperties) = preSolution
		HideSolutionNode = FALSE
	EndGlobalSection
EndGlobal
